
Microsoft Visual Studio Solution File, Format Version 12.00
# Visual Studio Version 17
VisualStudioVersion = 17.7.34024.191
MinimumVisualStudioVersion = 10.0.40219.1
Project("{2150E333-8FDC-42A3-9474-1A3956D46DE8}") = "Solution Items", "Solution Items", "{D89DED28-8B6B-46D3-AAE0-2764D1DF0094}"
EndProject
Project("{2150E333-8FDC-42A3-9474-1A3956D46DE8}") = "Tests", "Tests", "{861A9732-0DD2-43BF-9DA9-6529961C58D5}"
EndProject
Project("{9A19103F-16F7-4668-BE54-9A1E7A4F7556}") = "Ploch.Data.Utilities", "src\Data.Utilities\Ploch.Data.Utilities.csproj", "{46E7BBE3-D06F-42B8-9290-AA50B7D3D866}"
EndProject
Project("{9A19103F-16F7-4668-BE54-9A1E7A4F7556}") = "DocumentationSite", "DocumentationSite\DocumentationSite.csproj", "{C87EB534-C0F5-47B2-886C-76DA955CA131}"
EndProject
Project("{9A19103F-16F7-4668-BE54-9A1E7A4F7556}") = "Ploch.Data.GenericRepository", "src\Data.GenericRepository\Data.GenericRepository\Ploch.Data.GenericRepository.csproj", "{41B7DDC2-1AEC-4529-BB17-458CF671A0C5}"
EndProject
Project("{9A19103F-16F7-4668-BE54-9A1E7A4F7556}") = "Ploch.Data.GenericRepository.EFCore.IntegrationTests", "tests\Data.GenericRepository\Data.GenericRepository.EFCore.IntegrationTests\Ploch.Data.GenericRepository.EFCore.IntegrationTests.csproj", "{9018DB13-DC12-4E78-8BF4-1A13DC4B97C9}"
EndProject
Project("{9A19103F-16F7-4668-BE54-9A1E7A4F7556}") = "Ploch.Data.GenericRepository.EFCore", "src\Data.GenericRepository\Data.GenericRepository.EFCore\Ploch.Data.GenericRepository.EFCore.csproj", "{3584EAC0-FAF3-4F3B-8279-1694BAC5137F}"
EndProject
Project("{2150E333-8FDC-42A3-9474-1A3956D46DE8}") = "GenericRepository", "GenericRepository", "{2EBC511A-69AC-4175-AD33-E19F5FBAA034}"
	ProjectSection(SolutionItems) = preProject
		src\Data.GenericRepository\README.md = src\Data.GenericRepository\README.md
	EndProjectSection
EndProject
Project("{9A19103F-16F7-4668-BE54-9A1E7A4F7556}") = "Ploch.Data.EFCore", "src\Data.EFCore\Ploch.Data.EFCore.csproj", "{AA9CC66F-215B-4412-86A8-CA29B8F8F20B}"
EndProject
Project("{2150E333-8FDC-42A3-9474-1A3956D46DE8}") = "GenericRepository", "GenericRepository", "{7C1230FF-8A34-466C-A3FD-F74B7F224AAA}"
EndProject
Project("{9A19103F-16F7-4668-BE54-9A1E7A4F7556}") = "Ploch.Data.GenericRepository.EFCore.IntegrationTesting", "src\Data.GenericRepository\Data.GenericRepository.EFCore.IntegrationTesting\Ploch.Data.GenericRepository.EFCore.IntegrationTesting.csproj", "{F45217F5-17F5-4CB8-9A5E-5587DE9AEB33}"
EndProject
Project("{2150E333-8FDC-42A3-9474-1A3956D46DE8}") = "repository", "repository", "{87F93313-FCDE-4545-A30B-03D05077F647}"
	ProjectSection(SolutionItems) = preProject
		README.md = README.md
		build.ps1 = build.ps1
		build-dotnet-commands.ps1 = build-dotnet-commands.ps1
	EndProjectSection
EndProject
Project("{2150E333-8FDC-42A3-9474-1A3956D46DE8}") = "config", "config", "{57622815-4765-4DAD-A0F8-DBC204A6E84E}"
	ProjectSection(SolutionItems) = preProject
		.editorconfig = .editorconfig
		.gitignore = .gitignore
		Directory.Build.props = Directory.Build.props
		Directory.Packages.props = Directory.Packages.props
		global.json = global.json
		NuGet.Config = NuGet.Config
		Ploch.Common.nuspec = Ploch.Common.nuspec
		qodana.sarif.json = qodana.sarif.json
		qodana.yaml = qodana.yaml
		.codacy.yml = .codacy.yml
		.dockerignore = .dockerignore
		.gitattributes = .gitattributes
	EndProjectSection
EndProject
Project("{2150E333-8FDC-42A3-9474-1A3956D46DE8}") = "scripts", "scripts", "{73418E3A-0260-462E-A269-0540040A06A3}"
	ProjectSection(SolutionItems) = preProject
		Clean-DocFx.ps1 = Clean-DocFx.ps1
		run-sonar-build-test.ps1 = run-sonar-build-test.ps1
	EndProjectSection
EndProject
Project("{9A19103F-16F7-4668-BE54-9A1E7A4F7556}") = "Ploch.Data.Model", "src\Data.Model\Ploch.Data.Model.csproj", "{A6A6F84D-F859-4D71-9491-7791F56BFD95}"
EndProject
Project("{FAE04EC0-301F-11D3-BF4B-00C04F79EFBC}") = "Ploch.Data.StandardDataSets", "src\Data.StandardDataSets\Ploch.Data.StandardDataSets.csproj", "{A5C6761A-9816-4707-A586-E53BF4997BA1}"
EndProject
Project("{FAE04EC0-301F-11D3-BF4B-00C04F79EFBC}") = "Ploch.Data.StandardDataSets.Tests", "tests\Data.StandardDataSets.Tests\Ploch.Data.StandardDataSets.Tests.csproj", "{B1FFAA80-47D1-421B-91CF-80D46AFE50A6}"
EndProject
Project("{FAE04EC0-301F-11D3-BF4B-00C04F79EFBC}") = "Ploch.Data.EFCore.IntegrationTesting", "src\Data.EFCore.IntegrationTesting\Ploch.Data.EFCore.IntegrationTesting.csproj", "{BF5B7644-B1F9-41D5-9937-0E535B911E07}"
EndProject
Project("{FAE04EC0-301F-11D3-BF4B-00C04F79EFBC}") = "Ploch.Data.EFCore.SqLite", "src\Data.EFCore.SqLite\Ploch.Data.EFCore.SqLite.csproj", "{9FF93609-9F01-4B1E-A3BD-F02D0F077841}"
EndProject
Project("{FAE04EC0-301F-11D3-BF4B-00C04F79EFBC}") = "Ploch.Data.EFCore.Tests", "tests\Data.EFCore.Tests\Ploch.Data.EFCore.Tests.csproj", "{13983050-AB46-4A2A-AA09-9F9EFAC1320A}"
EndProject
Project("{FAE04EC0-301F-11D3-BF4B-00C04F79EFBC}") = "Ploch.Data.EFCore.SqlServer", "src\Data.EFCore.SqlServer\Ploch.Data.EFCore.SqlServer.csproj", "{F4E56D5C-9669-4069-9592-DF5EF59C30F5}"
EndProject
Project("{FAE04EC0-301F-11D3-BF4B-00C04F79EFBC}") = "Data.EFCore.SqlServer.Tests", "tests\Data.EFCore.SqlServer.Tests\Data.EFCore.SqlServer.Tests.csproj", "{1CC678AB-A674-444B-A8D4-0CE0B6E1F654}"
EndProject
Global
	GlobalSection(SolutionConfigurationPlatforms) = preSolution
		Debug|Any CPU = Debug|Any CPU
		Debug|ARM = Debug|ARM
		Debug|ARM64 = Debug|ARM64
		Debug|x64 = Debug|x64
		Debug|x86 = Debug|x86
		Release|Any CPU = Release|Any CPU
		Release|ARM = Release|ARM
		Release|ARM64 = Release|ARM64
		Release|x64 = Release|x64
		Release|x86 = Release|x86
	EndGlobalSection
	GlobalSection(ProjectConfigurationPlatforms) = postSolution
		{46E7BBE3-D06F-42B8-9290-AA50B7D3D866}.Debug|Any CPU.ActiveCfg = Debug|Any CPU
		{46E7BBE3-D06F-42B8-9290-AA50B7D3D866}.Debug|Any CPU.Build.0 = Debug|Any CPU
		{46E7BBE3-D06F-42B8-9290-AA50B7D3D866}.Debug|ARM.ActiveCfg = Debug|Any CPU
		{46E7BBE3-D06F-42B8-9290-AA50B7D3D866}.Debug|ARM.Build.0 = Debug|Any CPU
		{46E7BBE3-D06F-42B8-9290-AA50B7D3D866}.Debug|ARM64.ActiveCfg = Debug|Any CPU
		{46E7BBE3-D06F-42B8-9290-AA50B7D3D866}.Debug|ARM64.Build.0 = Debug|Any CPU
		{46E7BBE3-D06F-42B8-9290-AA50B7D3D866}.Debug|x64.ActiveCfg = Debug|Any CPU
		{46E7BBE3-D06F-42B8-9290-AA50B7D3D866}.Debug|x64.Build.0 = Debug|Any CPU
		{46E7BBE3-D06F-42B8-9290-AA50B7D3D866}.Debug|x86.ActiveCfg = Debug|Any CPU
		{46E7BBE3-D06F-42B8-9290-AA50B7D3D866}.Debug|x86.Build.0 = Debug|Any CPU
		{46E7BBE3-D06F-42B8-9290-AA50B7D3D866}.Release|Any CPU.ActiveCfg = Release|Any CPU
		{46E7BBE3-D06F-42B8-9290-AA50B7D3D866}.Release|Any CPU.Build.0 = Release|Any CPU
		{46E7BBE3-D06F-42B8-9290-AA50B7D3D866}.Release|ARM.ActiveCfg = Release|Any CPU
		{46E7BBE3-D06F-42B8-9290-AA50B7D3D866}.Release|ARM.Build.0 = Release|Any CPU
		{46E7BBE3-D06F-42B8-9290-AA50B7D3D866}.Release|ARM64.ActiveCfg = Release|Any CPU
		{46E7BBE3-D06F-42B8-9290-AA50B7D3D866}.Release|ARM64.Build.0 = Release|Any CPU
		{46E7BBE3-D06F-42B8-9290-AA50B7D3D866}.Release|x64.ActiveCfg = Release|Any CPU
		{46E7BBE3-D06F-42B8-9290-AA50B7D3D866}.Release|x64.Build.0 = Release|Any CPU
		{46E7BBE3-D06F-42B8-9290-AA50B7D3D866}.Release|x86.ActiveCfg = Release|Any CPU
		{46E7BBE3-D06F-42B8-9290-AA50B7D3D866}.Release|x86.Build.0 = Release|Any CPU
		{C87EB534-C0F5-47B2-886C-76DA955CA131}.Debug|Any CPU.ActiveCfg = Debug|Any CPU
		{C87EB534-C0F5-47B2-886C-76DA955CA131}.Debug|Any CPU.Build.0 = Debug|Any CPU
		{C87EB534-C0F5-47B2-886C-76DA955CA131}.Debug|ARM.ActiveCfg = Debug|Any CPU
		{C87EB534-C0F5-47B2-886C-76DA955CA131}.Debug|ARM.Build.0 = Debug|Any CPU
		{C87EB534-C0F5-47B2-886C-76DA955CA131}.Debug|ARM64.ActiveCfg = Debug|Any CPU
		{C87EB534-C0F5-47B2-886C-76DA955CA131}.Debug|ARM64.Build.0 = Debug|Any CPU
		{C87EB534-C0F5-47B2-886C-76DA955CA131}.Debug|x64.ActiveCfg = Debug|Any CPU
		{C87EB534-C0F5-47B2-886C-76DA955CA131}.Debug|x64.Build.0 = Debug|Any CPU
		{C87EB534-C0F5-47B2-886C-76DA955CA131}.Debug|x86.ActiveCfg = Debug|Any CPU
		{C87EB534-C0F5-47B2-886C-76DA955CA131}.Debug|x86.Build.0 = Debug|Any CPU
		{C87EB534-C0F5-47B2-886C-76DA955CA131}.Release|Any CPU.ActiveCfg = Release|Any CPU
		{C87EB534-C0F5-47B2-886C-76DA955CA131}.Release|Any CPU.Build.0 = Release|Any CPU
		{C87EB534-C0F5-47B2-886C-76DA955CA131}.Release|ARM.ActiveCfg = Release|Any CPU
		{C87EB534-C0F5-47B2-886C-76DA955CA131}.Release|ARM.Build.0 = Release|Any CPU
		{C87EB534-C0F5-47B2-886C-76DA955CA131}.Release|ARM64.ActiveCfg = Release|Any CPU
		{C87EB534-C0F5-47B2-886C-76DA955CA131}.Release|ARM64.Build.0 = Release|Any CPU
		{C87EB534-C0F5-47B2-886C-76DA955CA131}.Release|x64.ActiveCfg = Release|Any CPU
		{C87EB534-C0F5-47B2-886C-76DA955CA131}.Release|x64.Build.0 = Release|Any CPU
		{C87EB534-C0F5-47B2-886C-76DA955CA131}.Release|x86.ActiveCfg = Release|Any CPU
		{C87EB534-C0F5-47B2-886C-76DA955CA131}.Release|x86.Build.0 = Release|Any CPU
		{41B7DDC2-1AEC-4529-BB17-458CF671A0C5}.Debug|Any CPU.ActiveCfg = Debug|Any CPU
		{41B7DDC2-1AEC-4529-BB17-458CF671A0C5}.Debug|Any CPU.Build.0 = Debug|Any CPU
		{41B7DDC2-1AEC-4529-BB17-458CF671A0C5}.Debug|ARM.ActiveCfg = Debug|Any CPU
		{41B7DDC2-1AEC-4529-BB17-458CF671A0C5}.Debug|ARM.Build.0 = Debug|Any CPU
		{41B7DDC2-1AEC-4529-BB17-458CF671A0C5}.Debug|ARM64.ActiveCfg = Debug|Any CPU
		{41B7DDC2-1AEC-4529-BB17-458CF671A0C5}.Debug|ARM64.Build.0 = Debug|Any CPU
		{41B7DDC2-1AEC-4529-BB17-458CF671A0C5}.Debug|x64.ActiveCfg = Debug|Any CPU
		{41B7DDC2-1AEC-4529-BB17-458CF671A0C5}.Debug|x64.Build.0 = Debug|Any CPU
		{41B7DDC2-1AEC-4529-BB17-458CF671A0C5}.Debug|x86.ActiveCfg = Debug|Any CPU
		{41B7DDC2-1AEC-4529-BB17-458CF671A0C5}.Debug|x86.Build.0 = Debug|Any CPU
		{41B7DDC2-1AEC-4529-BB17-458CF671A0C5}.Release|Any CPU.ActiveCfg = Release|Any CPU
		{41B7DDC2-1AEC-4529-BB17-458CF671A0C5}.Release|Any CPU.Build.0 = Release|Any CPU
		{41B7DDC2-1AEC-4529-BB17-458CF671A0C5}.Release|ARM.ActiveCfg = Release|Any CPU
		{41B7DDC2-1AEC-4529-BB17-458CF671A0C5}.Release|ARM.Build.0 = Release|Any CPU
		{41B7DDC2-1AEC-4529-BB17-458CF671A0C5}.Release|ARM64.ActiveCfg = Release|Any CPU
		{41B7DDC2-1AEC-4529-BB17-458CF671A0C5}.Release|ARM64.Build.0 = Release|Any CPU
		{41B7DDC2-1AEC-4529-BB17-458CF671A0C5}.Release|x64.ActiveCfg = Release|Any CPU
		{41B7DDC2-1AEC-4529-BB17-458CF671A0C5}.Release|x64.Build.0 = Release|Any CPU
		{41B7DDC2-1AEC-4529-BB17-458CF671A0C5}.Release|x86.ActiveCfg = Release|Any CPU
		{41B7DDC2-1AEC-4529-BB17-458CF671A0C5}.Release|x86.Build.0 = Release|Any CPU
		{9018DB13-DC12-4E78-8BF4-1A13DC4B97C9}.Debug|Any CPU.ActiveCfg = Debug|Any CPU
		{9018DB13-DC12-4E78-8BF4-1A13DC4B97C9}.Debug|Any CPU.Build.0 = Debug|Any CPU
		{9018DB13-DC12-4E78-8BF4-1A13DC4B97C9}.Debug|ARM.ActiveCfg = Debug|Any CPU
		{9018DB13-DC12-4E78-8BF4-1A13DC4B97C9}.Debug|ARM.Build.0 = Debug|Any CPU
		{9018DB13-DC12-4E78-8BF4-1A13DC4B97C9}.Debug|ARM64.ActiveCfg = Debug|Any CPU
		{9018DB13-DC12-4E78-8BF4-1A13DC4B97C9}.Debug|ARM64.Build.0 = Debug|Any CPU
		{9018DB13-DC12-4E78-8BF4-1A13DC4B97C9}.Debug|x64.ActiveCfg = Debug|Any CPU
		{9018DB13-DC12-4E78-8BF4-1A13DC4B97C9}.Debug|x64.Build.0 = Debug|Any CPU
		{9018DB13-DC12-4E78-8BF4-1A13DC4B97C9}.Debug|x86.ActiveCfg = Debug|Any CPU
		{9018DB13-DC12-4E78-8BF4-1A13DC4B97C9}.Debug|x86.Build.0 = Debug|Any CPU
		{9018DB13-DC12-4E78-8BF4-1A13DC4B97C9}.Release|Any CPU.ActiveCfg = Release|Any CPU
		{9018DB13-DC12-4E78-8BF4-1A13DC4B97C9}.Release|Any CPU.Build.0 = Release|Any CPU
		{9018DB13-DC12-4E78-8BF4-1A13DC4B97C9}.Release|ARM.ActiveCfg = Release|Any CPU
		{9018DB13-DC12-4E78-8BF4-1A13DC4B97C9}.Release|ARM.Build.0 = Release|Any CPU
		{9018DB13-DC12-4E78-8BF4-1A13DC4B97C9}.Release|ARM64.ActiveCfg = Release|Any CPU
		{9018DB13-DC12-4E78-8BF4-1A13DC4B97C9}.Release|ARM64.Build.0 = Release|Any CPU
		{9018DB13-DC12-4E78-8BF4-1A13DC4B97C9}.Release|x64.ActiveCfg = Release|Any CPU
		{9018DB13-DC12-4E78-8BF4-1A13DC4B97C9}.Release|x64.Build.0 = Release|Any CPU
		{9018DB13-DC12-4E78-8BF4-1A13DC4B97C9}.Release|x86.ActiveCfg = Release|Any CPU
		{9018DB13-DC12-4E78-8BF4-1A13DC4B97C9}.Release|x86.Build.0 = Release|Any CPU
		{3584EAC0-FAF3-4F3B-8279-1694BAC5137F}.Debug|Any CPU.ActiveCfg = Debug|Any CPU
		{3584EAC0-FAF3-4F3B-8279-1694BAC5137F}.Debug|Any CPU.Build.0 = Debug|Any CPU
		{3584EAC0-FAF3-4F3B-8279-1694BAC5137F}.Debug|ARM.ActiveCfg = Debug|Any CPU
		{3584EAC0-FAF3-4F3B-8279-1694BAC5137F}.Debug|ARM.Build.0 = Debug|Any CPU
		{3584EAC0-FAF3-4F3B-8279-1694BAC5137F}.Debug|ARM64.ActiveCfg = Debug|Any CPU
		{3584EAC0-FAF3-4F3B-8279-1694BAC5137F}.Debug|ARM64.Build.0 = Debug|Any CPU
		{3584EAC0-FAF3-4F3B-8279-1694BAC5137F}.Debug|x64.ActiveCfg = Debug|Any CPU
		{3584EAC0-FAF3-4F3B-8279-1694BAC5137F}.Debug|x64.Build.0 = Debug|Any CPU
		{3584EAC0-FAF3-4F3B-8279-1694BAC5137F}.Debug|x86.ActiveCfg = Debug|Any CPU
		{3584EAC0-FAF3-4F3B-8279-1694BAC5137F}.Debug|x86.Build.0 = Debug|Any CPU
		{3584EAC0-FAF3-4F3B-8279-1694BAC5137F}.Release|Any CPU.ActiveCfg = Release|Any CPU
		{3584EAC0-FAF3-4F3B-8279-1694BAC5137F}.Release|Any CPU.Build.0 = Release|Any CPU
		{3584EAC0-FAF3-4F3B-8279-1694BAC5137F}.Release|ARM.ActiveCfg = Release|Any CPU
		{3584EAC0-FAF3-4F3B-8279-1694BAC5137F}.Release|ARM.Build.0 = Release|Any CPU
		{3584EAC0-FAF3-4F3B-8279-1694BAC5137F}.Release|ARM64.ActiveCfg = Release|Any CPU
		{3584EAC0-FAF3-4F3B-8279-1694BAC5137F}.Release|ARM64.Build.0 = Release|Any CPU
		{3584EAC0-FAF3-4F3B-8279-1694BAC5137F}.Release|x64.ActiveCfg = Release|Any CPU
		{3584EAC0-FAF3-4F3B-8279-1694BAC5137F}.Release|x64.Build.0 = Release|Any CPU
		{3584EAC0-FAF3-4F3B-8279-1694BAC5137F}.Release|x86.ActiveCfg = Release|Any CPU
		{3584EAC0-FAF3-4F3B-8279-1694BAC5137F}.Release|x86.Build.0 = Release|Any CPU
		{AA9CC66F-215B-4412-86A8-CA29B8F8F20B}.Debug|Any CPU.ActiveCfg = Debug|Any CPU
		{AA9CC66F-215B-4412-86A8-CA29B8F8F20B}.Debug|Any CPU.Build.0 = Debug|Any CPU
		{AA9CC66F-215B-4412-86A8-CA29B8F8F20B}.Debug|ARM.ActiveCfg = Debug|Any CPU
		{AA9CC66F-215B-4412-86A8-CA29B8F8F20B}.Debug|ARM.Build.0 = Debug|Any CPU
		{AA9CC66F-215B-4412-86A8-CA29B8F8F20B}.Debug|ARM64.ActiveCfg = Debug|Any CPU
		{AA9CC66F-215B-4412-86A8-CA29B8F8F20B}.Debug|ARM64.Build.0 = Debug|Any CPU
		{AA9CC66F-215B-4412-86A8-CA29B8F8F20B}.Debug|x64.ActiveCfg = Debug|Any CPU
		{AA9CC66F-215B-4412-86A8-CA29B8F8F20B}.Debug|x64.Build.0 = Debug|Any CPU
		{AA9CC66F-215B-4412-86A8-CA29B8F8F20B}.Debug|x86.ActiveCfg = Debug|Any CPU
		{AA9CC66F-215B-4412-86A8-CA29B8F8F20B}.Debug|x86.Build.0 = Debug|Any CPU
		{AA9CC66F-215B-4412-86A8-CA29B8F8F20B}.Release|Any CPU.ActiveCfg = Release|Any CPU
		{AA9CC66F-215B-4412-86A8-CA29B8F8F20B}.Release|Any CPU.Build.0 = Release|Any CPU
		{AA9CC66F-215B-4412-86A8-CA29B8F8F20B}.Release|ARM.ActiveCfg = Release|Any CPU
		{AA9CC66F-215B-4412-86A8-CA29B8F8F20B}.Release|ARM.Build.0 = Release|Any CPU
		{AA9CC66F-215B-4412-86A8-CA29B8F8F20B}.Release|ARM64.ActiveCfg = Release|Any CPU
		{AA9CC66F-215B-4412-86A8-CA29B8F8F20B}.Release|ARM64.Build.0 = Release|Any CPU
		{AA9CC66F-215B-4412-86A8-CA29B8F8F20B}.Release|x64.ActiveCfg = Release|Any CPU
		{AA9CC66F-215B-4412-86A8-CA29B8F8F20B}.Release|x64.Build.0 = Release|Any CPU
		{AA9CC66F-215B-4412-86A8-CA29B8F8F20B}.Release|x86.ActiveCfg = Release|Any CPU
		{AA9CC66F-215B-4412-86A8-CA29B8F8F20B}.Release|x86.Build.0 = Release|Any CPU
		{F45217F5-17F5-4CB8-9A5E-5587DE9AEB33}.Debug|Any CPU.ActiveCfg = Debug|Any CPU
		{F45217F5-17F5-4CB8-9A5E-5587DE9AEB33}.Debug|Any CPU.Build.0 = Debug|Any CPU
		{F45217F5-17F5-4CB8-9A5E-5587DE9AEB33}.Debug|ARM.ActiveCfg = Debug|Any CPU
		{F45217F5-17F5-4CB8-9A5E-5587DE9AEB33}.Debug|ARM.Build.0 = Debug|Any CPU
		{F45217F5-17F5-4CB8-9A5E-5587DE9AEB33}.Debug|ARM64.ActiveCfg = Debug|Any CPU
		{F45217F5-17F5-4CB8-9A5E-5587DE9AEB33}.Debug|ARM64.Build.0 = Debug|Any CPU
		{F45217F5-17F5-4CB8-9A5E-5587DE9AEB33}.Debug|x64.ActiveCfg = Debug|Any CPU
		{F45217F5-17F5-4CB8-9A5E-5587DE9AEB33}.Debug|x64.Build.0 = Debug|Any CPU
		{F45217F5-17F5-4CB8-9A5E-5587DE9AEB33}.Debug|x86.ActiveCfg = Debug|Any CPU
		{F45217F5-17F5-4CB8-9A5E-5587DE9AEB33}.Debug|x86.Build.0 = Debug|Any CPU
		{F45217F5-17F5-4CB8-9A5E-5587DE9AEB33}.Release|Any CPU.ActiveCfg = Release|Any CPU
		{F45217F5-17F5-4CB8-9A5E-5587DE9AEB33}.Release|Any CPU.Build.0 = Release|Any CPU
		{F45217F5-17F5-4CB8-9A5E-5587DE9AEB33}.Release|ARM.ActiveCfg = Release|Any CPU
		{F45217F5-17F5-4CB8-9A5E-5587DE9AEB33}.Release|ARM.Build.0 = Release|Any CPU
		{F45217F5-17F5-4CB8-9A5E-5587DE9AEB33}.Release|ARM64.ActiveCfg = Release|Any CPU
		{F45217F5-17F5-4CB8-9A5E-5587DE9AEB33}.Release|ARM64.Build.0 = Release|Any CPU
		{F45217F5-17F5-4CB8-9A5E-5587DE9AEB33}.Release|x64.ActiveCfg = Release|Any CPU
		{F45217F5-17F5-4CB8-9A5E-5587DE9AEB33}.Release|x64.Build.0 = Release|Any CPU
		{F45217F5-17F5-4CB8-9A5E-5587DE9AEB33}.Release|x86.ActiveCfg = Release|Any CPU
		{F45217F5-17F5-4CB8-9A5E-5587DE9AEB33}.Release|x86.Build.0 = Release|Any CPU
		{A6A6F84D-F859-4D71-9491-7791F56BFD95}.Debug|Any CPU.ActiveCfg = Debug|Any CPU
		{A6A6F84D-F859-4D71-9491-7791F56BFD95}.Debug|Any CPU.Build.0 = Debug|Any CPU
		{A6A6F84D-F859-4D71-9491-7791F56BFD95}.Debug|ARM.ActiveCfg = Debug|Any CPU
		{A6A6F84D-F859-4D71-9491-7791F56BFD95}.Debug|ARM.Build.0 = Debug|Any CPU
		{A6A6F84D-F859-4D71-9491-7791F56BFD95}.Debug|ARM64.ActiveCfg = Debug|Any CPU
		{A6A6F84D-F859-4D71-9491-7791F56BFD95}.Debug|ARM64.Build.0 = Debug|Any CPU
		{A6A6F84D-F859-4D71-9491-7791F56BFD95}.Debug|x64.ActiveCfg = Debug|Any CPU
		{A6A6F84D-F859-4D71-9491-7791F56BFD95}.Debug|x64.Build.0 = Debug|Any CPU
		{A6A6F84D-F859-4D71-9491-7791F56BFD95}.Debug|x86.ActiveCfg = Debug|Any CPU
		{A6A6F84D-F859-4D71-9491-7791F56BFD95}.Debug|x86.Build.0 = Debug|Any CPU
		{A6A6F84D-F859-4D71-9491-7791F56BFD95}.Release|Any CPU.ActiveCfg = Release|Any CPU
		{A6A6F84D-F859-4D71-9491-7791F56BFD95}.Release|Any CPU.Build.0 = Release|Any CPU
		{A6A6F84D-F859-4D71-9491-7791F56BFD95}.Release|ARM.ActiveCfg = Release|Any CPU
		{A6A6F84D-F859-4D71-9491-7791F56BFD95}.Release|ARM.Build.0 = Release|Any CPU
		{A6A6F84D-F859-4D71-9491-7791F56BFD95}.Release|ARM64.ActiveCfg = Release|Any CPU
		{A6A6F84D-F859-4D71-9491-7791F56BFD95}.Release|ARM64.Build.0 = Release|Any CPU
		{A6A6F84D-F859-4D71-9491-7791F56BFD95}.Release|x64.ActiveCfg = Release|Any CPU
		{A6A6F84D-F859-4D71-9491-7791F56BFD95}.Release|x64.Build.0 = Release|Any CPU
		{A6A6F84D-F859-4D71-9491-7791F56BFD95}.Release|x86.ActiveCfg = Release|Any CPU
		{A6A6F84D-F859-4D71-9491-7791F56BFD95}.Release|x86.Build.0 = Release|Any CPU
		{A5C6761A-9816-4707-A586-E53BF4997BA1}.Debug|Any CPU.ActiveCfg = Debug|Any CPU
		{A5C6761A-9816-4707-A586-E53BF4997BA1}.Debug|Any CPU.Build.0 = Debug|Any CPU
		{A5C6761A-9816-4707-A586-E53BF4997BA1}.Debug|ARM.ActiveCfg = Debug|Any CPU
		{A5C6761A-9816-4707-A586-E53BF4997BA1}.Debug|ARM.Build.0 = Debug|Any CPU
		{A5C6761A-9816-4707-A586-E53BF4997BA1}.Debug|ARM64.ActiveCfg = Debug|Any CPU
		{A5C6761A-9816-4707-A586-E53BF4997BA1}.Debug|ARM64.Build.0 = Debug|Any CPU
		{A5C6761A-9816-4707-A586-E53BF4997BA1}.Debug|x64.ActiveCfg = Debug|Any CPU
		{A5C6761A-9816-4707-A586-E53BF4997BA1}.Debug|x64.Build.0 = Debug|Any CPU
		{A5C6761A-9816-4707-A586-E53BF4997BA1}.Debug|x86.ActiveCfg = Debug|Any CPU
		{A5C6761A-9816-4707-A586-E53BF4997BA1}.Debug|x86.Build.0 = Debug|Any CPU
		{A5C6761A-9816-4707-A586-E53BF4997BA1}.Release|Any CPU.ActiveCfg = Release|Any CPU
		{A5C6761A-9816-4707-A586-E53BF4997BA1}.Release|Any CPU.Build.0 = Release|Any CPU
		{A5C6761A-9816-4707-A586-E53BF4997BA1}.Release|ARM.ActiveCfg = Release|Any CPU
		{A5C6761A-9816-4707-A586-E53BF4997BA1}.Release|ARM.Build.0 = Release|Any CPU
		{A5C6761A-9816-4707-A586-E53BF4997BA1}.Release|ARM64.ActiveCfg = Release|Any CPU
		{A5C6761A-9816-4707-A586-E53BF4997BA1}.Release|ARM64.Build.0 = Release|Any CPU
		{A5C6761A-9816-4707-A586-E53BF4997BA1}.Release|x64.ActiveCfg = Release|Any CPU
		{A5C6761A-9816-4707-A586-E53BF4997BA1}.Release|x64.Build.0 = Release|Any CPU
		{A5C6761A-9816-4707-A586-E53BF4997BA1}.Release|x86.ActiveCfg = Release|Any CPU
		{A5C6761A-9816-4707-A586-E53BF4997BA1}.Release|x86.Build.0 = Release|Any CPU
		{B1FFAA80-47D1-421B-91CF-80D46AFE50A6}.Debug|Any CPU.ActiveCfg = Debug|Any CPU
		{B1FFAA80-47D1-421B-91CF-80D46AFE50A6}.Debug|Any CPU.Build.0 = Debug|Any CPU
		{B1FFAA80-47D1-421B-91CF-80D46AFE50A6}.Debug|ARM.ActiveCfg = Debug|Any CPU
		{B1FFAA80-47D1-421B-91CF-80D46AFE50A6}.Debug|ARM.Build.0 = Debug|Any CPU
		{B1FFAA80-47D1-421B-91CF-80D46AFE50A6}.Debug|ARM64.ActiveCfg = Debug|Any CPU
		{B1FFAA80-47D1-421B-91CF-80D46AFE50A6}.Debug|ARM64.Build.0 = Debug|Any CPU
		{B1FFAA80-47D1-421B-91CF-80D46AFE50A6}.Debug|x64.ActiveCfg = Debug|Any CPU
		{B1FFAA80-47D1-421B-91CF-80D46AFE50A6}.Debug|x64.Build.0 = Debug|Any CPU
		{B1FFAA80-47D1-421B-91CF-80D46AFE50A6}.Debug|x86.ActiveCfg = Debug|Any CPU
		{B1FFAA80-47D1-421B-91CF-80D46AFE50A6}.Debug|x86.Build.0 = Debug|Any CPU
		{B1FFAA80-47D1-421B-91CF-80D46AFE50A6}.Release|Any CPU.ActiveCfg = Release|Any CPU
		{B1FFAA80-47D1-421B-91CF-80D46AFE50A6}.Release|Any CPU.Build.0 = Release|Any CPU
		{B1FFAA80-47D1-421B-91CF-80D46AFE50A6}.Release|ARM.ActiveCfg = Release|Any CPU
		{B1FFAA80-47D1-421B-91CF-80D46AFE50A6}.Release|ARM.Build.0 = Release|Any CPU
		{B1FFAA80-47D1-421B-91CF-80D46AFE50A6}.Release|ARM64.ActiveCfg = Release|Any CPU
		{B1FFAA80-47D1-421B-91CF-80D46AFE50A6}.Release|ARM64.Build.0 = Release|Any CPU
		{B1FFAA80-47D1-421B-91CF-80D46AFE50A6}.Release|x64.ActiveCfg = Release|Any CPU
		{B1FFAA80-47D1-421B-91CF-80D46AFE50A6}.Release|x64.Build.0 = Release|Any CPU
		{B1FFAA80-47D1-421B-91CF-80D46AFE50A6}.Release|x86.ActiveCfg = Release|Any CPU
		{B1FFAA80-47D1-421B-91CF-80D46AFE50A6}.Release|x86.Build.0 = Release|Any CPU
		{BF5B7644-B1F9-41D5-9937-0E535B911E07}.Debug|Any CPU.ActiveCfg = Debug|Any CPU
		{BF5B7644-B1F9-41D5-9937-0E535B911E07}.Debug|Any CPU.Build.0 = Debug|Any CPU
		{BF5B7644-B1F9-41D5-9937-0E535B911E07}.Debug|ARM.ActiveCfg = Debug|Any CPU
		{BF5B7644-B1F9-41D5-9937-0E535B911E07}.Debug|ARM.Build.0 = Debug|Any CPU
		{BF5B7644-B1F9-41D5-9937-0E535B911E07}.Debug|ARM64.ActiveCfg = Debug|Any CPU
		{BF5B7644-B1F9-41D5-9937-0E535B911E07}.Debug|ARM64.Build.0 = Debug|Any CPU
		{BF5B7644-B1F9-41D5-9937-0E535B911E07}.Debug|x64.ActiveCfg = Debug|Any CPU
		{BF5B7644-B1F9-41D5-9937-0E535B911E07}.Debug|x64.Build.0 = Debug|Any CPU
		{BF5B7644-B1F9-41D5-9937-0E535B911E07}.Debug|x86.ActiveCfg = Debug|Any CPU
		{BF5B7644-B1F9-41D5-9937-0E535B911E07}.Debug|x86.Build.0 = Debug|Any CPU
		{BF5B7644-B1F9-41D5-9937-0E535B911E07}.Release|Any CPU.ActiveCfg = Release|Any CPU
		{BF5B7644-B1F9-41D5-9937-0E535B911E07}.Release|Any CPU.Build.0 = Release|Any CPU
		{BF5B7644-B1F9-41D5-9937-0E535B911E07}.Release|ARM.ActiveCfg = Release|Any CPU
		{BF5B7644-B1F9-41D5-9937-0E535B911E07}.Release|ARM.Build.0 = Release|Any CPU
		{BF5B7644-B1F9-41D5-9937-0E535B911E07}.Release|ARM64.ActiveCfg = Release|Any CPU
		{BF5B7644-B1F9-41D5-9937-0E535B911E07}.Release|ARM64.Build.0 = Release|Any CPU
		{BF5B7644-B1F9-41D5-9937-0E535B911E07}.Release|x64.ActiveCfg = Release|Any CPU
		{BF5B7644-B1F9-41D5-9937-0E535B911E07}.Release|x64.Build.0 = Release|Any CPU
		{BF5B7644-B1F9-41D5-9937-0E535B911E07}.Release|x86.ActiveCfg = Release|Any CPU
		{BF5B7644-B1F9-41D5-9937-0E535B911E07}.Release|x86.Build.0 = Release|Any CPU
		{9FF93609-9F01-4B1E-A3BD-F02D0F077841}.Debug|Any CPU.ActiveCfg = Debug|Any CPU
		{9FF93609-9F01-4B1E-A3BD-F02D0F077841}.Debug|Any CPU.Build.0 = Debug|Any CPU
		{9FF93609-9F01-4B1E-A3BD-F02D0F077841}.Debug|ARM.ActiveCfg = Debug|Any CPU
		{9FF93609-9F01-4B1E-A3BD-F02D0F077841}.Debug|ARM.Build.0 = Debug|Any CPU
		{9FF93609-9F01-4B1E-A3BD-F02D0F077841}.Debug|ARM64.ActiveCfg = Debug|Any CPU
		{9FF93609-9F01-4B1E-A3BD-F02D0F077841}.Debug|ARM64.Build.0 = Debug|Any CPU
		{9FF93609-9F01-4B1E-A3BD-F02D0F077841}.Debug|x64.ActiveCfg = Debug|Any CPU
		{9FF93609-9F01-4B1E-A3BD-F02D0F077841}.Debug|x64.Build.0 = Debug|Any CPU
		{9FF93609-9F01-4B1E-A3BD-F02D0F077841}.Debug|x86.ActiveCfg = Debug|Any CPU
		{9FF93609-9F01-4B1E-A3BD-F02D0F077841}.Debug|x86.Build.0 = Debug|Any CPU
		{9FF93609-9F01-4B1E-A3BD-F02D0F077841}.Release|Any CPU.ActiveCfg = Release|Any CPU
		{9FF93609-9F01-4B1E-A3BD-F02D0F077841}.Release|Any CPU.Build.0 = Release|Any CPU
		{9FF93609-9F01-4B1E-A3BD-F02D0F077841}.Release|ARM.ActiveCfg = Release|Any CPU
		{9FF93609-9F01-4B1E-A3BD-F02D0F077841}.Release|ARM.Build.0 = Release|Any CPU
		{9FF93609-9F01-4B1E-A3BD-F02D0F077841}.Release|ARM64.ActiveCfg = Release|Any CPU
		{9FF93609-9F01-4B1E-A3BD-F02D0F077841}.Release|ARM64.Build.0 = Release|Any CPU
		{9FF93609-9F01-4B1E-A3BD-F02D0F077841}.Release|x64.ActiveCfg = Release|Any CPU
		{9FF93609-9F01-4B1E-A3BD-F02D0F077841}.Release|x64.Build.0 = Release|Any CPU
		{9FF93609-9F01-4B1E-A3BD-F02D0F077841}.Release|x86.ActiveCfg = Release|Any CPU
		{9FF93609-9F01-4B1E-A3BD-F02D0F077841}.Release|x86.Build.0 = Release|Any CPU
		{13983050-AB46-4A2A-AA09-9F9EFAC1320A}.Debug|Any CPU.ActiveCfg = Debug|Any CPU
		{13983050-AB46-4A2A-AA09-9F9EFAC1320A}.Debug|Any CPU.Build.0 = Debug|Any CPU
		{13983050-AB46-4A2A-AA09-9F9EFAC1320A}.Debug|ARM.ActiveCfg = Debug|Any CPU
		{13983050-AB46-4A2A-AA09-9F9EFAC1320A}.Debug|ARM.Build.0 = Debug|Any CPU
		{13983050-AB46-4A2A-AA09-9F9EFAC1320A}.Debug|ARM64.ActiveCfg = Debug|Any CPU
		{13983050-AB46-4A2A-AA09-9F9EFAC1320A}.Debug|ARM64.Build.0 = Debug|Any CPU
		{13983050-AB46-4A2A-AA09-9F9EFAC1320A}.Debug|x64.ActiveCfg = Debug|Any CPU
		{13983050-AB46-4A2A-AA09-9F9EFAC1320A}.Debug|x64.Build.0 = Debug|Any CPU
		{13983050-AB46-4A2A-AA09-9F9EFAC1320A}.Debug|x86.ActiveCfg = Debug|Any CPU
		{13983050-AB46-4A2A-AA09-9F9EFAC1320A}.Debug|x86.Build.0 = Debug|Any CPU
		{13983050-AB46-4A2A-AA09-9F9EFAC1320A}.Release|Any CPU.ActiveCfg = Release|Any CPU
		{13983050-AB46-4A2A-AA09-9F9EFAC1320A}.Release|Any CPU.Build.0 = Release|Any CPU
		{13983050-AB46-4A2A-AA09-9F9EFAC1320A}.Release|ARM.ActiveCfg = Release|Any CPU
		{13983050-AB46-4A2A-AA09-9F9EFAC1320A}.Release|ARM.Build.0 = Release|Any CPU
		{13983050-AB46-4A2A-AA09-9F9EFAC1320A}.Release|ARM64.ActiveCfg = Release|Any CPU
		{13983050-AB46-4A2A-AA09-9F9EFAC1320A}.Release|ARM64.Build.0 = Release|Any CPU
		{13983050-AB46-4A2A-AA09-9F9EFAC1320A}.Release|x64.ActiveCfg = Release|Any CPU
		{13983050-AB46-4A2A-AA09-9F9EFAC1320A}.Release|x64.Build.0 = Release|Any CPU
		{13983050-AB46-4A2A-AA09-9F9EFAC1320A}.Release|x86.ActiveCfg = Release|Any CPU
		{13983050-AB46-4A2A-AA09-9F9EFAC1320A}.Release|x86.Build.0 = Release|Any CPU
		{F4E56D5C-9669-4069-9592-DF5EF59C30F5}.Debug|Any CPU.ActiveCfg = Debug|Any CPU
		{F4E56D5C-9669-4069-9592-DF5EF59C30F5}.Debug|Any CPU.Build.0 = Debug|Any CPU
		{F4E56D5C-9669-4069-9592-DF5EF59C30F5}.Debug|ARM.ActiveCfg = Debug|Any CPU
		{F4E56D5C-9669-4069-9592-DF5EF59C30F5}.Debug|ARM.Build.0 = Debug|Any CPU
		{F4E56D5C-9669-4069-9592-DF5EF59C30F5}.Debug|ARM64.ActiveCfg = Debug|Any CPU
		{F4E56D5C-9669-4069-9592-DF5EF59C30F5}.Debug|ARM64.Build.0 = Debug|Any CPU
		{F4E56D5C-9669-4069-9592-DF5EF59C30F5}.Debug|x64.ActiveCfg = Debug|Any CPU
		{F4E56D5C-9669-4069-9592-DF5EF59C30F5}.Debug|x64.Build.0 = Debug|Any CPU
		{F4E56D5C-9669-4069-9592-DF5EF59C30F5}.Debug|x86.ActiveCfg = Debug|Any CPU
		{F4E56D5C-9669-4069-9592-DF5EF59C30F5}.Debug|x86.Build.0 = Debug|Any CPU
		{F4E56D5C-9669-4069-9592-DF5EF59C30F5}.Release|Any CPU.ActiveCfg = Release|Any CPU
		{F4E56D5C-9669-4069-9592-DF5EF59C30F5}.Release|Any CPU.Build.0 = Release|Any CPU
		{F4E56D5C-9669-4069-9592-DF5EF59C30F5}.Release|ARM.ActiveCfg = Release|Any CPU
		{F4E56D5C-9669-4069-9592-DF5EF59C30F5}.Release|ARM.Build.0 = Release|Any CPU
		{F4E56D5C-9669-4069-9592-DF5EF59C30F5}.Release|ARM64.ActiveCfg = Release|Any CPU
		{F4E56D5C-9669-4069-9592-DF5EF59C30F5}.Release|ARM64.Build.0 = Release|Any CPU
		{F4E56D5C-9669-4069-9592-DF5EF59C30F5}.Release|x64.ActiveCfg = Release|Any CPU
		{F4E56D5C-9669-4069-9592-DF5EF59C30F5}.Release|x64.Build.0 = Release|Any CPU
		{F4E56D5C-9669-4069-9592-DF5EF59C30F5}.Release|x86.ActiveCfg = Release|Any CPU
		{F4E56D5C-9669-4069-9592-DF5EF59C30F5}.Release|x86.Build.0 = Release|Any CPU
		{1CC678AB-A674-444B-A8D4-0CE0B6E1F654}.Debug|Any CPU.ActiveCfg = Debug|Any CPU
		{1CC678AB-A674-444B-A8D4-0CE0B6E1F654}.Debug|Any CPU.Build.0 = Debug|Any CPU
		{1CC678AB-A674-444B-A8D4-0CE0B6E1F654}.Debug|ARM.ActiveCfg = Debug|Any CPU
		{1CC678AB-A674-444B-A8D4-0CE0B6E1F654}.Debug|ARM.Build.0 = Debug|Any CPU
		{1CC678AB-A674-444B-A8D4-0CE0B6E1F654}.Debug|ARM64.ActiveCfg = Debug|Any CPU
		{1CC678AB-A674-444B-A8D4-0CE0B6E1F654}.Debug|ARM64.Build.0 = Debug|Any CPU
		{1CC678AB-A674-444B-A8D4-0CE0B6E1F654}.Debug|x64.ActiveCfg = Debug|Any CPU
		{1CC678AB-A674-444B-A8D4-0CE0B6E1F654}.Debug|x64.Build.0 = Debug|Any CPU
		{1CC678AB-A674-444B-A8D4-0CE0B6E1F654}.Debug|x86.ActiveCfg = Debug|Any CPU
		{1CC678AB-A674-444B-A8D4-0CE0B6E1F654}.Debug|x86.Build.0 = Debug|Any CPU
		{1CC678AB-A674-444B-A8D4-0CE0B6E1F654}.Release|Any CPU.ActiveCfg = Release|Any CPU
		{1CC678AB-A674-444B-A8D4-0CE0B6E1F654}.Release|Any CPU.Build.0 = Release|Any CPU
		{1CC678AB-A674-444B-A8D4-0CE0B6E1F654}.Release|ARM.ActiveCfg = Release|Any CPU
		{1CC678AB-A674-444B-A8D4-0CE0B6E1F654}.Release|ARM.Build.0 = Release|Any CPU
		{1CC678AB-A674-444B-A8D4-0CE0B6E1F654}.Release|ARM64.ActiveCfg = Release|Any CPU
		{1CC678AB-A674-444B-A8D4-0CE0B6E1F654}.Release|ARM64.Build.0 = Release|Any CPU
		{1CC678AB-A674-444B-A8D4-0CE0B6E1F654}.Release|x64.ActiveCfg = Release|Any CPU
		{1CC678AB-A674-444B-A8D4-0CE0B6E1F654}.Release|x64.Build.0 = Release|Any CPU
		{1CC678AB-A674-444B-A8D4-0CE0B6E1F654}.Release|x86.ActiveCfg = Release|Any CPU
		{1CC678AB-A674-444B-A8D4-0CE0B6E1F654}.Release|x86.Build.0 = Release|Any CPU
	EndGlobalSection
	GlobalSection(SolutionProperties) = preSolution
		HideSolutionNode = FALSE
	EndGlobalSection
	GlobalSection(NestedProjects) = preSolution
		{41B7DDC2-1AEC-4529-BB17-458CF671A0C5} = {2EBC511A-69AC-4175-AD33-E19F5FBAA034}
		{9018DB13-DC12-4E78-8BF4-1A13DC4B97C9} = {7C1230FF-8A34-466C-A3FD-F74B7F224AAA}
		{3584EAC0-FAF3-4F3B-8279-1694BAC5137F} = {2EBC511A-69AC-4175-AD33-E19F5FBAA034}
		{7C1230FF-8A34-466C-A3FD-F74B7F224AAA} = {861A9732-0DD2-43BF-9DA9-6529961C58D5}
		{F45217F5-17F5-4CB8-9A5E-5587DE9AEB33} = {2EBC511A-69AC-4175-AD33-E19F5FBAA034}
		{57622815-4765-4DAD-A0F8-DBC204A6E84E} = {87F93313-FCDE-4545-A30B-03D05077F647}
		{73418E3A-0260-462E-A269-0540040A06A3} = {87F93313-FCDE-4545-A30B-03D05077F647}
		{B1FFAA80-47D1-421B-91CF-80D46AFE50A6} = {861A9732-0DD2-43BF-9DA9-6529961C58D5}
		{13983050-AB46-4A2A-AA09-9F9EFAC1320A} = {861A9732-0DD2-43BF-9DA9-6529961C58D5}
		{1CC678AB-A674-444B-A8D4-0CE0B6E1F654} = {861A9732-0DD2-43BF-9DA9-6529961C58D5}
	EndGlobalSection
	GlobalSection(ExtensibilityGlobals) = postSolution
		SolutionGuid = {A84E1AF7-BEBB-47F9-A917-8373C7F0D39E}
	EndGlobalSection
EndGlobal
