<Solution>
  <Configurations>
    <Platform Name="Any CPU" />
    <Platform Name="ARM" />
    <Platform Name="ARM64" />
    <Platform Name="x64" />
    <Platform Name="x86" />
  </Configurations>
  <Folder Name="/GenericRepository/">
    <Project Path="src/Data.GenericRepository/Data.GenericRepository.EFCore.IntegrationTesting/Ploch.Data.GenericRepository.EFCore.IntegrationTesting.csproj" />
    <Project Path="src/Data.GenericRepository/Data.GenericRepository.EFCore/Ploch.Data.GenericRepository.EFCore.csproj" />
    <Project Path="src/Data.GenericRepository/Data.GenericRepository/Ploch.Data.GenericRepository.csproj" />
    <File Path="src/Data.GenericRepository/README.md" />
  </Folder>
  <Folder Name="/ploch-common/">
    <Project Path="..\ploch-common\src\Common.AppServices\Ploch.Common.AppServices.csproj">
      <Configuration Solution="Debug|ARM" Project="Debug|Any CPU" />
      <Configuration Solution="Debug|ARM64" Project="Debug|Any CPU" />
      <Configuration Solution="Debug|x64" Project="Debug|Any CPU" />
      <Configuration Solution="Debug|x86" Project="Debug|Any CPU" />
      <Configuration Solution="Release|ARM" Project="Release|Any CPU" />
      <Configuration Solution="Release|ARM64" Project="Release|Any CPU" />
      <Configuration Solution="Release|x64" Project="Release|Any CPU" />
      <Configuration Solution="Release|x86" Project="Release|Any CPU" />
    </Project>
    <Project Path="..\ploch-common\src\Common\Ploch.Common.csproj">
      <Configuration Solution="Debug|ARM" Project="Debug|Any CPU" />
      <Configuration Solution="Debug|ARM64" Project="Debug|Any CPU" />
      <Configuration Solution="Debug|x64" Project="Debug|Any CPU" />
      <Configuration Solution="Debug|x86" Project="Debug|Any CPU" />
      <Configuration Solution="Release|ARM" Project="Release|Any CPU" />
      <Configuration Solution="Release|ARM64" Project="Release|Any CPU" />
      <Configuration Solution="Release|x64" Project="Release|Any CPU" />
      <Configuration Solution="Release|x86" Project="Release|Any CPU" />
    </Project>
    <Project Path="..\ploch-common\src\TestingSupport.XUnit3.AutoMoq\Ploch.TestingSupport.XUnit3.AutoMoq.csproj">
      <Configuration Solution="Debug|ARM" Project="Debug|Any CPU" />
      <Configuration Solution="Debug|ARM64" Project="Debug|Any CPU" />
      <Configuration Solution="Debug|x64" Project="Debug|Any CPU" />
      <Configuration Solution="Debug|x86" Project="Debug|Any CPU" />
      <Configuration Solution="Release|ARM" Project="Release|Any CPU" />
      <Configuration Solution="Release|ARM64" Project="Release|Any CPU" />
      <Configuration Solution="Release|x64" Project="Release|Any CPU" />
      <Configuration Solution="Release|x86" Project="Release|Any CPU" />
    </Project>
    <Project Path="..\ploch-common\src\TestingSupport.XUnit3.Dependencies\Ploch.TestingSupport.XUnit3.Dependencies.csproj">
      <Configuration Solution="Debug|ARM" Project="Debug|Any CPU" />
      <Configuration Solution="Debug|ARM64" Project="Debug|Any CPU" />
      <Configuration Solution="Debug|x64" Project="Debug|Any CPU" />
      <Configuration Solution="Debug|x86" Project="Debug|Any CPU" />
      <Configuration Solution="Release|ARM" Project="Release|Any CPU" />
      <Configuration Solution="Release|ARM64" Project="Release|Any CPU" />
      <Configuration Solution="Release|x64" Project="Release|Any CPU" />
      <Configuration Solution="Release|x86" Project="Release|Any CPU" />
    </Project>
    <Project Path="..\ploch-common\src\TestingSupport.XUnit3\Ploch.TestingSupport.XUnit3.csproj">
      <Configuration Solution="Debug|ARM" Project="Debug|Any CPU" />
      <Configuration Solution="Debug|ARM64" Project="Debug|Any CPU" />
      <Configuration Solution="Debug|x64" Project="Debug|Any CPU" />
      <Configuration Solution="Debug|x86" Project="Debug|Any CPU" />
      <Configuration Solution="Release|ARM" Project="Release|Any CPU" />
      <Configuration Solution="Release|ARM64" Project="Release|Any CPU" />
      <Configuration Solution="Release|x64" Project="Release|Any CPU" />
      <Configuration Solution="Release|x86" Project="Release|Any CPU" />
    </Project>
  </Folder>
  <Folder Name="/repository/">
    <File Path="build-dotnet-commands.ps1" />
    <File Path="build.ps1" />
    <File Path="docker-compose.yml" />
    <File Path="README.md" />
    <File Path="TODO.md" />
  </Folder>
  <Folder Name="/repository/ai/">
    <File Path=".cursorrules" />
    <File Path="AGENTS.md" />
  </Folder>
  <Folder Name="/repository/ai/claude/">
    <File Path=".claude/settings.local.json" />
    <File Path="CLAUDE.md" />
  </Folder>
  <Folder Name="/repository/ai/claude/rules/">
    <File Path=".claude/rules/sample-app.md" />
  </Folder>
  <Folder Name="/repository/ai/copilot/">
    <File Path=".github/copilot-instructions.md" />
  </Folder>
  <Folder Name="/repository/ai/gemini/">
    <File Path="GEMINI.md" />
  </Folder>
  <Folder Name="/repository/ai/junie/">
    <File Path=".junie/guidelines.md" />
  </Folder>
  <Folder Name="/repository/config/">
    <File Path=".codacy.yml" />
    <File Path=".dockerignore" />
    <File Path=".editorconfig" />
    <File Path=".gitattributes" />
    <File Path=".gitignore" />
    <File Path="Directory.Build.props" />
    <File Path="Directory.Packages.props" />
    <File Path="global.json" />
    <File Path="NuGet.Config" />
    <File Path="Ploch.Common.nuspec" />
    <File Path="qodana.sarif.json" />
    <File Path="qodana.yaml" />
    <File Path="../mrploch-development/dependencies/Common.Packages.props" />
    <File Path="../mrploch-development/dependencies/Ploch.Packages.props" />
    <File Path="..\mrploch-development\dependencies\Analyzers.Global.Packages.props" />
    <File Path="..\mrploch-development\dependencies\MicrosoftExtensions.Net9.Packages.props" />
    <File Path="..\mrploch-development\dependencies\Serilog.Logging.Packages.props" />
    <File Path="..\mrploch-development\dependencies\Testing.Packages.props" />
  </Folder>
  <Folder Name="/repository/scripts/">
    <File Path="Clean-DocFx.ps1" />
    <File Path="run-sonar-build-test.ps1" />
  </Folder>
  <Folder Name="/repository/shared/">
    <File Path="..\mrploch-development\dependencies\Analyzers.Global.Packages.props" />
    <File Path="..\mrploch-development\dependencies\MicrosoftExtensions.Net9.Packages.props" />
    <File Path="..\mrploch-development\dependencies\Testing.Packages.props" />
  </Folder>
  <Folder Name="/samples/" />
  <Folder Name="/samples/SampleApp/">
    <File Path="samples/SampleApp/Directory.Build.props" />
    <File Path="samples/SampleApp/Directory.Packages.props" />
    <File Path="samples/SampleApp/ProjectReferences.props" />
    <File Path="samples/SampleApp/README.md" />
    <Project Path="samples/SampleApp/src/ConsoleApp/Ploch.Data.SampleApp.ConsoleApp.csproj" />
    <Project Path="samples/SampleApp/src/Data.SQLite/Ploch.Data.SampleApp.Data.SQLite.csproj" />
    <Project Path="samples/SampleApp/src/Data.SqlServer/Ploch.Data.SampleApp.Data.SqlServer.csproj" />
    <Project Path="samples/SampleApp/src/Data/Ploch.Data.SampleApp.Data.csproj" />
    <Project Path="samples/SampleApp/src/Model/Ploch.Data.SampleApp.Model.csproj" />
    <Project Path="samples/SampleApp/tests/IntegrationTests/Ploch.Data.SampleApp.IntegrationTests.csproj" />
  </Folder>
  <Folder Name="/Solution Items/">
    <File Path=".github/workflows/build-dotnet.yml" />
  </Folder>
  <Folder Name="/Tests/">
    <Project Path="tests/Data.EFCore.SqLite.Tests/Ploch.Data.EFCore.SqLite.Tests.csproj" />
    <Project Path="tests/Data.EFCore.SqlServer.Tests/Ploch.Data.EFCore.SqlServer.Tests.csproj" />
    <Project Path="tests/Data.EFCore.Tests/Ploch.Data.EFCore.Tests.csproj" />
    <Project Path="tests/Data.StandardDataSets.Tests/Ploch.Data.StandardDataSets.Tests.csproj" />
  </Folder>
  <Folder Name="/Tests/GenericRepository/">
    <Project Path="tests/Data.GenericRepository/Data.GenericRepository.EFCore.IntegrationTests/Ploch.Data.GenericRepository.EFCore.IntegrationTests.csproj" />
    <Project Path="tests/Data.GenericRepository/Data.GenericRepository.Tests/Ploch.Data.GenericRepository.Tests.csproj" />
  </Folder>
  <Project Path="DocumentationSite/DocumentationSite.csproj" />
  <Project Path="src/Data.EFCore.IntegrationTesting/Ploch.Data.EFCore.IntegrationTesting.csproj" />
  <Project Path="src/Data.EFCore.SqLite/Ploch.Data.EFCore.SqLite.csproj" />
  <Project Path="src/Data.EFCore.SqlServer/Ploch.Data.EFCore.SqlServer.csproj" />
  <Project Path="src/Data.EFCore/Ploch.Data.EFCore.csproj" />
  <Project Path="src/Data.Model/Ploch.Data.Model.csproj" />
  <Project Path="src/Data.StandardDataSets/Ploch.Data.StandardDataSets.csproj" />
  <Project Path="src/Data.Utilities/Ploch.Data.Utilities.csproj" />
</Solution>
